{
  "requires": true,
  "lockfileVersion": 1,
  "dependencies": {
    "bit-twiddle": {
      "version": "1.0.2",
      "resolved": "https://registry.npmjs.org/bit-twiddle/-/bit-twiddle-1.0.2.tgz",
      "integrity": "sha512-B9UhK0DKFZhoTFcfvAzhqsjStvGJp9vYWf3+6SNTtdSQnvIgfkHbgHrg/e4+TH71N2GDu8tpmCVoyfrL1d7ntA=="
    },
    "commander": {
      "version": "2.7.1",
      "resolved": "https://registry.npmjs.org/commander/-/commander-2.7.1.tgz",
      "integrity": "sha512-5qK/Wsc2fnRCiizV1JlHavWrSGAXQI7AusK423F8zJLwIGq8lmtO5GmO8PVMrtDUJMwTXOFBzSN6OCRD8CEMWw==",
      "requires": {
        "graceful-readlink": ">= 1.0.0"
      }
    },
    "csv-parse": {
      "version": "5.5.2",
      "resolved": "https://registry.npmjs.org/csv-parse/-/csv-parse-5.5.2.tgz",
      "integrity": "sha512-YRVtvdtUNXZCMyK5zd5Wty1W6dNTpGKdqQd4EQ8tl/c6KW1aMBB1Kg1ppky5FONKmEqGJ/8WjLlTNLPne4ioVA=="
    },
    "fft": {
      "version": "0.2.1",
      "resolved": "https://registry.npmjs.org/fft/-/fft-0.2.1.tgz",
      "integrity": "sha512-EsN8Cqlf6OMdlbSuTDEBBTTCp2OaNNGrI0ltSrfsZeOu8sPFsemOVSlRYaGlFLdTTvHm1hfMSaS77jccDaNA0A=="
    },
    "fft-js": {
      "version": "0.0.12",
      "resolved": "https://registry.npmjs.org/fft-js/-/fft-js-0.0.12.tgz",
      "integrity": "sha512-nLOa0/SYYnN2NPcLrI81UNSPxyg3q0sGiltfe9G1okg0nxs5CqAwtmaqPQdGcOryeGURaCoQx8Y4AUkhGTh7IQ==",
      "requires": {
        "bit-twiddle": "~1.0.2",
        "commander": "~2.7.1"
      }
    },
    "fft.js": {
      "version": "4.0.4",
      "resolved": "https://registry.npmjs.org/fft.js/-/fft.js-4.0.4.tgz",
      "integrity": "sha512-f9c00hphOgeQTlDyavwTtu6RiK8AIFjD6+jvXkNkpeQ7rirK3uFWVpalkoS4LAwbdX7mfZ8aoBfFVQX1Re/8aw=="
    },
    "graceful-readlink": {
      "version": "1.0.1",
      "resolved": "https://registry.npmjs.org/graceful-readlink/-/graceful-readlink-1.0.1.tgz",
      "integrity": "sha512-8tLu60LgxF6XpdbK8OW3FA+IfTNBn1ZHGHKF4KQbEeSkajYw5PlYJcKluntgegDPTg8UkHjpet1T82vk6TQ68w=="
    }
  }
}
